PODS:
  - Flutter (1.0.0)
  - flutter_widgetkit (0.0.1):
    - Flutter

DEPENDENCIES:
  - Flutter (from `Flutter`)
  - flutter_widgetkit (from `.symlinks/plugins/flutter_widgetkit/ios`)

EXTERNAL SOURCES:
  Flutter:
    :path: Flutter
  flutter_widgetkit:
    :path: ".symlinks/plugins/flutter_widgetkit/ios"

SPEC CHECKSUMS:
  Flutter: e0871f40cf51350855a761d2e70bf5af5b9b5de7
  flutter_widgetkit: a0e9b0d50ee9bec366dad36c639509daaafc397a

PODFILE CHECKSUM: 819463e6a0290f5a72f145ba7cde16e8b6ef0796

COCOAPODS: 1.15.2
